
Microsoft Visual Studio Solution File, Format Version 12.00
# Visual Studio Version 17
VisualStudioVersion = 17.5.33424.131
MinimumVisualStudioVersion = 10.0.40219.1
Project("{FAE04EC0-301F-11D3-BF4B-00C04F79EFBC}") = "AuthorizationServer", "AuthorizationServer\AuthorizationServer.csproj", "{21520EC2-D950-491D-B7B5-B486941FE116}"
EndProject
Global
	GlobalSection(SolutionConfigurationPlatforms) = preSolution
		Debug|Any CPU = Debug|Any CPU
		Release|Any CPU = Release|Any CPU
	EndGlobalSection
	GlobalSection(ProjectConfigurationPlatforms) = postSolution
		{21520EC2-D950-491D-B7B5-B486941FE116}.Debug|Any CPU.ActiveCfg = Debug|Any CPU
		{21520EC2-D950-491D-B7B5-B486941FE116}.Debug|Any CPU.Build.0 = Debug|Any CPU
		{21520EC2-D950-491D-B7B5-B486941FE116}.Release|Any CPU.ActiveCfg = Release|Any CPU
		{21520EC2-D950-491D-B7B5-B486941FE116}.Release|Any CPU.Build.0 = Release|Any CPU
	EndGlobalSection
	GlobalSection(SolutionProperties) = preSolution
		HideSolutionNode = FALSE
	EndGlobalSection
	GlobalSection(ExtensibilityGlobals) = postSolution
		SolutionGuid = {7CDF8BD2-1B3D-4F46-BE49-5469827F10A0}
	EndGlobalSection
EndGlobal
